
Microsoft Visual Studio Solution File, Format Version 12.00
# Visual Studio Version 17
VisualStudioVersion = 17.5.33627.172
MinimumVisualStudioVersion = 10.0.40219.1
Project("{FAE04EC0-301F-11D3-BF4B-00C04F79EFBC}") = "lab4", "lab4\lab4.csproj", "{8C46E1EF-40DA-4C3F-88FF-F571527E5635}"
EndProject
Global
	GlobalSection(SolutionConfigurationPlatforms) = preSolution
		Debug|Any CPU = Debug|Any CPU
		Release|Any CPU = Release|Any CPU
	EndGlobalSection
	GlobalSection(ProjectConfigurationPlatforms) = postSolution
		{8C46E1EF-40DA-4C3F-88FF-F571527E5635}.Debug|Any CPU.ActiveCfg = Debug|Any CPU
		{8C46E1EF-40DA-4C3F-88FF-F571527E5635}.Debug|Any CPU.Build.0 = Debug|Any CPU
		{8C46E1EF-40DA-4C3F-88FF-F571527E5635}.Release|Any CPU.ActiveCfg = Release|Any CPU
		{8C46E1EF-40DA-4C3F-88FF-F571527E5635}.Release|Any CPU.Build.0 = Release|Any CPU
	EndGlobalSection
	GlobalSection(SolutionProperties) = preSolution
		HideSolutionNode = FALSE
	EndGlobalSection
	GlobalSection(ExtensibilityGlobals) = postSolution
		SolutionGuid = {2FE3E684-3C73-42DC-8EE2-CF2B6F29C80B}
	EndGlobalSection
EndGlobal
